
Microsoft Visual Studio Solution File, Format Version 12.00
# Visual Studio Version 17
VisualStudioVersion = 17.4.33213.308
MinimumVisualStudioVersion = 10.0.40219.1
Project("{2150E333-8FDC-42A3-9474-1A3956D46DE8}") = "src", "src", "{D6B1FD89-8AD1-46A3-A89C-6A73DEFE7D81}"
EndProject
Project("{2150E333-8FDC-42A3-9474-1A3956D46DE8}") = "ApiGateways", "ApiGateways", "{0BE79968-B3EB-4C01-BF77-CB0A1995D339}"
EndProject
Project("{2150E333-8FDC-42A3-9474-1A3956D46DE8}") = "Web.Bff.SimpleNetflix", "Web.Bff.SimpleNetflix", "{0DC61E11-E5D2-488F-8DDA-00593AA23BF2}"
EndProject
Project("{2150E333-8FDC-42A3-9474-1A3956D46DE8}") = "Services", "Services", "{EBA29E1D-1833-43D8-9B09-A2D80787B656}"
EndProject
Project("{2150E333-8FDC-42A3-9474-1A3956D46DE8}") = "Common", "Common", "{E3641C79-283C-4773-986F-38CA61740300}"
EndProject
Project("{9A19103F-16F7-4668-BE54-9A1E7A4F7556}") = "Services.Common", "src\Services\Common\Services.Common\Services.Common.csproj", "{D4A6CCDB-CA07-44F2-A5A9-4B707F639DCB}"
EndProject
Project("{2150E333-8FDC-42A3-9474-1A3956D46DE8}") = "Identity", "Identity", "{96C41B3F-C50A-499A-8341-6BDC36B37389}"
EndProject
Project("{2150E333-8FDC-42A3-9474-1A3956D46DE8}") = "Movie", "Movie", "{F5E3190D-7394-4DD2-9F0B-E1BA2E9E0D44}"
EndProject
Project("{9A19103F-16F7-4668-BE54-9A1E7A4F7556}") = "Movie.API", "src\Services\Movie\Movie.API\Movie.API.csproj", "{205F7C5B-E4E4-4DF7-BB5B-AF5F2DF96D3F}"
EndProject
Project("{2150E333-8FDC-42A3-9474-1A3956D46DE8}") = "tests", "tests", "{C720C0F8-1069-4A3E-982A-84DE90772E75}"
EndProject
Project("{9A19103F-16F7-4668-BE54-9A1E7A4F7556}") = "Movie.UnitTests", "src\Services\Movie\tests\Movie.UnitTests\Movie.UnitTests.csproj", "{1B27D2BC-A5A8-4371-81E4-9BE66BACD1A5}"
EndProject
Project("{2150E333-8FDC-42A3-9474-1A3956D46DE8}") = "OcelotApiGw", "OcelotApiGw", "{70846491-6EED-4E01-A5B1-04B90B389FE5}"
EndProject
Project("{9A19103F-16F7-4668-BE54-9A1E7A4F7556}") = "OcelotApiGw", "src\ApiGateways\Web.Bff.SimpleNetflix\OcelotApiGw\OcelotApiGw.csproj", "{F5712AD2-6DF9-4039-9C38-ABCCC3BB9007}"
EndProject
Project("{9A19103F-16F7-4668-BE54-9A1E7A4F7556}") = "Identity.API", "src\Services\Identity\Identity.API\Identity.API.csproj", "{9DA4BFD0-CD2F-4303-B6E7-F668AF41DA06}"
EndProject
Project("{9A19103F-16F7-4668-BE54-9A1E7A4F7556}") = "Movie.FunctionalTests", "src\Services\Movie\tests\Movie.FunctionalTests\Movie.FunctionalTests.csproj", "{504E1B3F-F357-4546-A925-AE5D552333B5}"
EndProject
Project("{E53339B2-1760-4266-BCC7-CA923CBCF16C}") = "docker-compose", "docker-compose.dcproj", "{BFFA34B5-F6C1-4746-BA18-E21048D56EA0}"
EndProject
Project("{FAE04EC0-301F-11D3-BF4B-00C04F79EFBC}") = "CrawlData", "src\Services\CrawlData\CrawlData.csproj", "{B80DD9DB-7790-48E3-82A7-2FF086F5D0BC}"
EndProject
Global
	GlobalSection(SolutionConfigurationPlatforms) = preSolution
		Debug|Any CPU = Debug|Any CPU
		Release|Any CPU = Release|Any CPU
	EndGlobalSection
	GlobalSection(ProjectConfigurationPlatforms) = postSolution
		{D4A6CCDB-CA07-44F2-A5A9-4B707F639DCB}.Debug|Any CPU.ActiveCfg = Debug|Any CPU
		{D4A6CCDB-CA07-44F2-A5A9-4B707F639DCB}.Debug|Any CPU.Build.0 = Debug|Any CPU
		{D4A6CCDB-CA07-44F2-A5A9-4B707F639DCB}.Release|Any CPU.ActiveCfg = Release|Any CPU
		{D4A6CCDB-CA07-44F2-A5A9-4B707F639DCB}.Release|Any CPU.Build.0 = Release|Any CPU
		{205F7C5B-E4E4-4DF7-BB5B-AF5F2DF96D3F}.Debug|Any CPU.ActiveCfg = Debug|Any CPU
		{205F7C5B-E4E4-4DF7-BB5B-AF5F2DF96D3F}.Debug|Any CPU.Build.0 = Debug|Any CPU
		{205F7C5B-E4E4-4DF7-BB5B-AF5F2DF96D3F}.Release|Any CPU.ActiveCfg = Release|Any CPU
		{205F7C5B-E4E4-4DF7-BB5B-AF5F2DF96D3F}.Release|Any CPU.Build.0 = Release|Any CPU
		{1B27D2BC-A5A8-4371-81E4-9BE66BACD1A5}.Debug|Any CPU.ActiveCfg = Debug|Any CPU
		{1B27D2BC-A5A8-4371-81E4-9BE66BACD1A5}.Debug|Any CPU.Build.0 = Debug|Any CPU
		{1B27D2BC-A5A8-4371-81E4-9BE66BACD1A5}.Release|Any CPU.ActiveCfg = Release|Any CPU
		{1B27D2BC-A5A8-4371-81E4-9BE66BACD1A5}.Release|Any CPU.Build.0 = Release|Any CPU
		{F5712AD2-6DF9-4039-9C38-ABCCC3BB9007}.Debug|Any CPU.ActiveCfg = Debug|Any CPU
		{F5712AD2-6DF9-4039-9C38-ABCCC3BB9007}.Debug|Any CPU.Build.0 = Debug|Any CPU
		{F5712AD2-6DF9-4039-9C38-ABCCC3BB9007}.Release|Any CPU.ActiveCfg = Release|Any CPU
		{F5712AD2-6DF9-4039-9C38-ABCCC3BB9007}.Release|Any CPU.Build.0 = Release|Any CPU
		{9DA4BFD0-CD2F-4303-B6E7-F668AF41DA06}.Debug|Any CPU.ActiveCfg = Debug|Any CPU
		{9DA4BFD0-CD2F-4303-B6E7-F668AF41DA06}.Debug|Any CPU.Build.0 = Debug|Any CPU
		{9DA4BFD0-CD2F-4303-B6E7-F668AF41DA06}.Release|Any CPU.ActiveCfg = Release|Any CPU
		{9DA4BFD0-CD2F-4303-B6E7-F668AF41DA06}.Release|Any CPU.Build.0 = Release|Any CPU
		{504E1B3F-F357-4546-A925-AE5D552333B5}.Debug|Any CPU.ActiveCfg = Debug|Any CPU
		{504E1B3F-F357-4546-A925-AE5D552333B5}.Debug|Any CPU.Build.0 = Debug|Any CPU
		{504E1B3F-F357-4546-A925-AE5D552333B5}.Release|Any CPU.ActiveCfg = Release|Any CPU
		{504E1B3F-F357-4546-A925-AE5D552333B5}.Release|Any CPU.Build.0 = Release|Any CPU
		{BFFA34B5-F6C1-4746-BA18-E21048D56EA0}.Debug|Any CPU.ActiveCfg = Debug|Any CPU
		{BFFA34B5-F6C1-4746-BA18-E21048D56EA0}.Debug|Any CPU.Build.0 = Debug|Any CPU
		{BFFA34B5-F6C1-4746-BA18-E21048D56EA0}.Release|Any CPU.ActiveCfg = Release|Any CPU
		{BFFA34B5-F6C1-4746-BA18-E21048D56EA0}.Release|Any CPU.Build.0 = Release|Any CPU
		{B80DD9DB-7790-48E3-82A7-2FF086F5D0BC}.Debug|Any CPU.ActiveCfg = Debug|Any CPU
		{B80DD9DB-7790-48E3-82A7-2FF086F5D0BC}.Debug|Any CPU.Build.0 = Debug|Any CPU
		{B80DD9DB-7790-48E3-82A7-2FF086F5D0BC}.Release|Any CPU.ActiveCfg = Release|Any CPU
		{B80DD9DB-7790-48E3-82A7-2FF086F5D0BC}.Release|Any CPU.Build.0 = Release|Any CPU
	EndGlobalSection
	GlobalSection(SolutionProperties) = preSolution
		HideSolutionNode = FALSE
	EndGlobalSection
	GlobalSection(NestedProjects) = preSolution
		{0BE79968-B3EB-4C01-BF77-CB0A1995D339} = {D6B1FD89-8AD1-46A3-A89C-6A73DEFE7D81}
		{0DC61E11-E5D2-488F-8DDA-00593AA23BF2} = {0BE79968-B3EB-4C01-BF77-CB0A1995D339}
		{EBA29E1D-1833-43D8-9B09-A2D80787B656} = {D6B1FD89-8AD1-46A3-A89C-6A73DEFE7D81}
		{E3641C79-283C-4773-986F-38CA61740300} = {EBA29E1D-1833-43D8-9B09-A2D80787B656}
		{D4A6CCDB-CA07-44F2-A5A9-4B707F639DCB} = {E3641C79-283C-4773-986F-38CA61740300}
		{96C41B3F-C50A-499A-8341-6BDC36B37389} = {EBA29E1D-1833-43D8-9B09-A2D80787B656}
		{F5E3190D-7394-4DD2-9F0B-E1BA2E9E0D44} = {EBA29E1D-1833-43D8-9B09-A2D80787B656}
		{205F7C5B-E4E4-4DF7-BB5B-AF5F2DF96D3F} = {F5E3190D-7394-4DD2-9F0B-E1BA2E9E0D44}
		{C720C0F8-1069-4A3E-982A-84DE90772E75} = {F5E3190D-7394-4DD2-9F0B-E1BA2E9E0D44}
		{1B27D2BC-A5A8-4371-81E4-9BE66BACD1A5} = {C720C0F8-1069-4A3E-982A-84DE90772E75}
		{70846491-6EED-4E01-A5B1-04B90B389FE5} = {0DC61E11-E5D2-488F-8DDA-00593AA23BF2}
		{F5712AD2-6DF9-4039-9C38-ABCCC3BB9007} = {70846491-6EED-4E01-A5B1-04B90B389FE5}
		{9DA4BFD0-CD2F-4303-B6E7-F668AF41DA06} = {96C41B3F-C50A-499A-8341-6BDC36B37389}
		{504E1B3F-F357-4546-A925-AE5D552333B5} = {C720C0F8-1069-4A3E-982A-84DE90772E75}
		{B80DD9DB-7790-48E3-82A7-2FF086F5D0BC} = {EBA29E1D-1833-43D8-9B09-A2D80787B656}
	EndGlobalSection
	GlobalSection(ExtensibilityGlobals) = postSolution
		SolutionGuid = {C9B02C29-4D8B-4687-AB7D-9DF5642002D9}
	EndGlobalSection
EndGlobal
