
Microsoft Visual Studio Solution File, Format Version 12.00
# Visual Studio Version 16
VisualStudioVersion = 25.0.1706.3
MinimumVisualStudioVersion = 10.0.40219.1
Project("{FAE04EC0-301F-11D3-BF4B-00C04F79EFBC}") = "SimpleServer", "SimpleServer.csproj", "{0A633DCB-BCCE-4A7E-A382-B6132CC99BBA}"
EndProject
Project("{FAE04EC0-301F-11D3-BF4B-00C04F79EFBC}") = "MongoConnector", "..\MongoConnector\MongoConnector.csproj", "{7F6642B3-100C-491D-9116-FBC01A6C8CDD}"
EndProject
Project("{FAE04EC0-301F-11D3-BF4B-00C04F79EFBC}") = "SimpleServer.Test", "..\ServerTest\SimpleServer.Test.csproj", "{C1CDDF04-57A8-495A-A4D8-709E86733DC0}"
EndProject
Project("{E53339B2-1760-4266-BCC7-CA923CBCF16C}") = "docker-compose", "docker-compose.dcproj", "{D35EDC6E-5F77-4B55-BF0C-B22FB4C875C6}"
EndProject
Global
	GlobalSection(SolutionConfigurationPlatforms) = preSolution
		Debug|Any CPU = Debug|Any CPU
		Release|Any CPU = Release|Any CPU
	EndGlobalSection
	GlobalSection(ProjectConfigurationPlatforms) = postSolution
		{0A633DCB-BCCE-4A7E-A382-B6132CC99BBA}.Debug|Any CPU.ActiveCfg = Debug|Any CPU
		{0A633DCB-BCCE-4A7E-A382-B6132CC99BBA}.Debug|Any CPU.Build.0 = Debug|Any CPU
		{0A633DCB-BCCE-4A7E-A382-B6132CC99BBA}.Release|Any CPU.ActiveCfg = Release|Any CPU
		{0A633DCB-BCCE-4A7E-A382-B6132CC99BBA}.Release|Any CPU.Build.0 = Release|Any CPU
		{7F6642B3-100C-491D-9116-FBC01A6C8CDD}.Debug|Any CPU.ActiveCfg = Debug|Any CPU
		{7F6642B3-100C-491D-9116-FBC01A6C8CDD}.Debug|Any CPU.Build.0 = Debug|Any CPU
		{7F6642B3-100C-491D-9116-FBC01A6C8CDD}.Release|Any CPU.ActiveCfg = Release|Any CPU
		{7F6642B3-100C-491D-9116-FBC01A6C8CDD}.Release|Any CPU.Build.0 = Release|Any CPU
		{C1CDDF04-57A8-495A-A4D8-709E86733DC0}.Debug|Any CPU.ActiveCfg = Debug|Any CPU
		{C1CDDF04-57A8-495A-A4D8-709E86733DC0}.Debug|Any CPU.Build.0 = Debug|Any CPU
		{C1CDDF04-57A8-495A-A4D8-709E86733DC0}.Release|Any CPU.ActiveCfg = Release|Any CPU
		{C1CDDF04-57A8-495A-A4D8-709E86733DC0}.Release|Any CPU.Build.0 = Release|Any CPU
		{D35EDC6E-5F77-4B55-BF0C-B22FB4C875C6}.Debug|Any CPU.ActiveCfg = Debug|Any CPU
		{D35EDC6E-5F77-4B55-BF0C-B22FB4C875C6}.Debug|Any CPU.Build.0 = Debug|Any CPU
		{D35EDC6E-5F77-4B55-BF0C-B22FB4C875C6}.Release|Any CPU.ActiveCfg = Release|Any CPU
		{D35EDC6E-5F77-4B55-BF0C-B22FB4C875C6}.Release|Any CPU.Build.0 = Release|Any CPU
	EndGlobalSection
	GlobalSection(SolutionProperties) = preSolution
		HideSolutionNode = FALSE
	EndGlobalSection
	GlobalSection(ExtensibilityGlobals) = postSolution
		SolutionGuid = {C9B02C29-4D8B-4687-AB7D-9DF5642002D9}
	EndGlobalSection
EndGlobal
